
Microsoft Visual Studio Solution File, Format Version 12.00
# Visual Studio Version 16
VisualStudioVersion = 16.0.30104.148
MinimumVisualStudioVersion = 10.0.40219.1
Project("{FAE04EC0-301F-11D3-BF4B-00C04F79EFBC}") = "kinematicsEqns", "kinematicsEqns\kinematicsEqns.csproj", "{614ED44C-4569-4C07-876F-64EC9E596177}"
EndProject
Global
	GlobalSection(SolutionConfigurationPlatforms) = preSolution
		Debug|Any CPU = Debug|Any CPU
		Release|Any CPU = Release|Any CPU
	EndGlobalSection
	GlobalSection(ProjectConfigurationPlatforms) = postSolution
		{614ED44C-4569-4C07-876F-64EC9E596177}.Debug|Any CPU.ActiveCfg = Debug|Any CPU
		{614ED44C-4569-4C07-876F-64EC9E596177}.Debug|Any CPU.Build.0 = Debug|Any CPU
		{614ED44C-4569-4C07-876F-64EC9E596177}.Release|Any CPU.ActiveCfg = Release|Any CPU
		{614ED44C-4569-4C07-876F-64EC9E596177}.Release|Any CPU.Build.0 = Release|Any CPU
	EndGlobalSection
	GlobalSection(SolutionProperties) = preSolution
		HideSolutionNode = FALSE
	EndGlobalSection
	GlobalSection(ExtensibilityGlobals) = postSolution
		SolutionGuid = {3DE8A703-996C-4A0A-9A80-39E931669B9C}
	EndGlobalSection
EndGlobal
